{
  "name": "qusly-core",
  "version": "1.0.0",
  "lockfileVersion": 1,
  "requires": true,
  "dependencies": {
    "@types/node": {
      "version": "11.13.1",
      "resolved": "https://registry.npmjs.org/@types/node/-/node-11.13.1.tgz",
      "integrity": "sha512-MeatbbUsZ80BEsKPXby6pUZjUM9ZuHIpWElN0siopih3fvnlpX2O9L6D5+dzDIb36lf9tM/8U4PVdLQ+L4qr4A==",
      "dev": true
    },
    "@types/ssh2": {
      "version": "0.5.38",
      "resolved": "https://registry.npmjs.org/@types/ssh2/-/ssh2-0.5.38.tgz",
      "integrity": "sha512-rMnCnd0VIEUpCD1O5V50L1I8asHMBHZUYBnG6wlim1SdUrKUn60yiNpW5BnnT6QkTExaUXVrM8N883ZPPEPtsg==",
      "dev": true,
      "requires": {
        "@types/node": "*",
        "@types/ssh2-streams": "*"
      }
    },
    "@types/ssh2-streams": {
      "version": "0.1.6",
      "resolved": "https://registry.npmjs.org/@types/ssh2-streams/-/ssh2-streams-0.1.6.tgz",
      "integrity": "sha512-NB+SYftagfHTDPdgVyvSZCeg5MURyHECd/PycGIW9hwhnEbTFxIdDbFtf3jxUO3rRnfr0lfdtkZFiv28T1cAsg==",
      "dev": true,
      "requires": {
        "@types/node": "*"
      }
    },
    "asn1": {
      "version": "0.2.4",
      "resolved": "https://registry.npmjs.org/asn1/-/asn1-0.2.4.tgz",
      "integrity": "sha512-jxwzQpLQjSmWXgwaCZE9Nz+glAG01yF1QnWgbhGwHI5A6FRIEY6IVqtHhIepHqI7/kyEyQEagBC5mBEFlIYvdg==",
      "requires": {
        "safer-buffer": "~2.1.0"
      }
    },
    "basic-ftp": {
      "version": "git+https://github.com/xnerhu/basic-ftp.git#3d0e78e4c00bb2462c3b7caf2edcf9da5ea3751c",
      "from": "git+https://github.com/xnerhu/basic-ftp.git"
    },
    "bcrypt-pbkdf": {
      "version": "1.0.2",
      "resolved": "https://registry.npmjs.org/bcrypt-pbkdf/-/bcrypt-pbkdf-1.0.2.tgz",
      "integrity": "sha1-pDAdOJtqQ/m2f/PKEaP2Y342Dp4=",
      "requires": {
        "tweetnacl": "^0.14.3"
      }
    },
    "safer-buffer": {
      "version": "2.1.2",
      "resolved": "https://registry.npmjs.org/safer-buffer/-/safer-buffer-2.1.2.tgz",
      "integrity": "sha512-YZo3K82SD7Riyi0E1EQPojLz7kpepnSQI9IyPbHHg1XXXevb5dJI7tpyN2ADxGcQbHG7vcyRHk0cbwqcQriUtg=="
    },
    "ssh2": {
      "version": "0.8.2",
      "resolved": "https://registry.npmjs.org/ssh2/-/ssh2-0.8.2.tgz",
      "integrity": "sha512-oaXu7faddvPFGavnLBkk0RFwLXvIzCPq6KqAC3ExlnFPAVIE1uo7pWHe9xmhNHXm+nIe7yg9qsssOm+ip2jijw==",
      "requires": {
        "ssh2-streams": "~0.4.2"
      }
    },
    "ssh2-streams": {
      "version": "0.4.2",
      "resolved": "https://registry.npmjs.org/ssh2-streams/-/ssh2-streams-0.4.2.tgz",
      "integrity": "sha512-2rSj3oTIJnbAIzR3+XwIYef9wCOVrPQZNLL+fFPPjnPxf09tKkAbgrlYgh/1qynBTz65AUOS+s1zuko4M/GKCw==",
      "requires": {
        "asn1": "~0.2.0",
        "bcrypt-pbkdf": "^1.0.2",
        "streamsearch": "~0.1.2"
      }
    },
    "streamsearch": {
      "version": "0.1.2",
      "resolved": "https://registry.npmjs.org/streamsearch/-/streamsearch-0.1.2.tgz",
      "integrity": "sha1-gIudDlb8Jz2Am6VzOOkpkZoanxo="
    },
    "tweetnacl": {
      "version": "0.14.5",
      "resolved": "https://registry.npmjs.org/tweetnacl/-/tweetnacl-0.14.5.tgz",
      "integrity": "sha1-WuaBd/GS1EViadEIr6k/+HQ/T2Q="
    },
    "typescript": {
      "version": "3.4.2",
      "resolved": "https://registry.npmjs.org/typescript/-/typescript-3.4.2.tgz",
      "integrity": "sha512-Og2Vn6Mk7JAuWA1hQdDQN/Ekm/SchX80VzLhjKN9ETYrIepBFAd8PkOdOTK2nKt0FCkmMZKBJvQ1dV1gIxPu/A==",
      "dev": true
    }
  }
}
