# THIS IS AN AUTOGENERATED FILE. DO NOT EDIT THIS FILE DIRECTLY.
# yarn lockfile v1


"@types/node@*":
  version "11.13.4"
  resolved "https://registry.yarnpkg.com/@types/node/-/node-11.13.4.tgz#f83ec3c3e05b174b7241fadeb6688267fe5b22ca"
  integrity sha512-+rabAZZ3Yn7tF/XPGHupKIL5EcAbrLxnTr/hgQICxbeuAfWtT0UZSfULE+ndusckBItcv4o6ZeOJplQikVcLvQ==

"@types/node@11.13.1":
  version "11.13.1"
  resolved "https://registry.yarnpkg.com/@types/node/-/node-11.13.1.tgz#f977a12e97695663040581034b483f34c8dd4f6f"
  integrity sha512-MeatbbUsZ80BEsKPXby6pUZjUM9ZuHIpWElN0siopih3fvnlpX2O9L6D5+dzDIb36lf9tM/8U4PVdLQ+L4qr4A==

"@types/ssh2-streams@*":
  version "0.1.6"
  resolved "https://registry.yarnpkg.com/@types/ssh2-streams/-/ssh2-streams-0.1.6.tgz#1ff5b1fe50c15f282efe9fd092c68494f8702bc2"
  integrity sha512-NB+SYftagfHTDPdgVyvSZCeg5MURyHECd/PycGIW9hwhnEbTFxIdDbFtf3jxUO3rRnfr0lfdtkZFiv28T1cAsg==
  dependencies:
    "@types/node" "*"

"@types/ssh2@0.5.38":
  version "0.5.38"
  resolved "https://registry.yarnpkg.com/@types/ssh2/-/ssh2-0.5.38.tgz#71f7c8f1d0636663158561af103c385ad439c7bc"
  integrity sha512-rMnCnd0VIEUpCD1O5V50L1I8asHMBHZUYBnG6wlim1SdUrKUn60yiNpW5BnnT6QkTExaUXVrM8N883ZPPEPtsg==
  dependencies:
    "@types/node" "*"
    "@types/ssh2-streams" "*"

asn1@~0.2.0:
  version "0.2.4"
  resolved "https://registry.yarnpkg.com/asn1/-/asn1-0.2.4.tgz#8d2475dfab553bb33e77b54e59e880bb8ce23136"
  integrity sha512-jxwzQpLQjSmWXgwaCZE9Nz+glAG01yF1QnWgbhGwHI5A6FRIEY6IVqtHhIepHqI7/kyEyQEagBC5mBEFlIYvdg==
  dependencies:
    safer-buffer "~2.1.0"

basic-ftp@3.4.4:
  version "3.4.4"
  resolved "https://registry.yarnpkg.com/basic-ftp/-/basic-ftp-3.4.4.tgz#371513cceaf2a5e13c37fd3124c321cc4c2fab5c"
  integrity sha512-aU9nwsw6og9IajVjVW/lhJVHUawObSIHoUIEoxSgX9jXKpQmVvTqwH1ut6mstygVE1pUSW2KEU4Y2zKzKy9whQ==

bcrypt-pbkdf@^1.0.2:
  version "1.0.2"
  resolved "https://registry.yarnpkg.com/bcrypt-pbkdf/-/bcrypt-pbkdf-1.0.2.tgz#a4301d389b6a43f9b67ff3ca11a3f6637e360e9e"
  integrity sha1-pDAdOJtqQ/m2f/PKEaP2Y342Dp4=
  dependencies:
    tweetnacl "^0.14.3"

safer-buffer@~2.1.0:
  version "2.1.2"
  resolved "https://registry.yarnpkg.com/safer-buffer/-/safer-buffer-2.1.2.tgz#44fa161b0187b9549dd84bb91802f9bd8385cd6a"
  integrity sha512-YZo3K82SD7Riyi0E1EQPojLz7kpepnSQI9IyPbHHg1XXXevb5dJI7tpyN2ADxGcQbHG7vcyRHk0cbwqcQriUtg==

ssh2-streams@~0.4.2:
  version "0.4.2"
  resolved "https://registry.yarnpkg.com/ssh2-streams/-/ssh2-streams-0.4.2.tgz#bac0d18727396d16049f5f0c8517a46516b45719"
  integrity sha512-2rSj3oTIJnbAIzR3+XwIYef9wCOVrPQZNLL+fFPPjnPxf09tKkAbgrlYgh/1qynBTz65AUOS+s1zuko4M/GKCw==
  dependencies:
    asn1 "~0.2.0"
    bcrypt-pbkdf "^1.0.2"
    streamsearch "~0.1.2"

ssh2@0.8.2:
  version "0.8.2"
  resolved "https://registry.yarnpkg.com/ssh2/-/ssh2-0.8.2.tgz#f7a172458d3a7a13d520438264f90de8a3ee72af"
  integrity sha512-oaXu7faddvPFGavnLBkk0RFwLXvIzCPq6KqAC3ExlnFPAVIE1uo7pWHe9xmhNHXm+nIe7yg9qsssOm+ip2jijw==
  dependencies:
    ssh2-streams "~0.4.2"

streamsearch@~0.1.2:
  version "0.1.2"
  resolved "https://registry.yarnpkg.com/streamsearch/-/streamsearch-0.1.2.tgz#808b9d0e56fc273d809ba57338e929919a1a9f1a"
  integrity sha1-gIudDlb8Jz2Am6VzOOkpkZoanxo=

tweetnacl@^0.14.3:
  version "0.14.5"
  resolved "https://registry.yarnpkg.com/tweetnacl/-/tweetnacl-0.14.5.tgz#5ae68177f192d4456269d108afa93ff8743f4f64"
  integrity sha1-WuaBd/GS1EViadEIr6k/+HQ/T2Q=

typescript@3.4.2:
  version "3.4.2"
  resolved "https://registry.yarnpkg.com/typescript/-/typescript-3.4.2.tgz#9ed4e6475d906f589200193be056f5913caed481"
  integrity sha512-Og2Vn6Mk7JAuWA1hQdDQN/Ekm/SchX80VzLhjKN9ETYrIepBFAd8PkOdOTK2nKt0FCkmMZKBJvQ1dV1gIxPu/A==
